// !$*UTF8*$!
{
	archiveVersion = 1;
	classes = {
	};
	objectVersion = 50;
	objects = {

/* Begin PBXBuildFile section */
		18177A4A23D7659100021081 /* AppDelegate.swift in Sources */ = {isa = PBXBuildFile; fileRef = 18177A4923D7659100021081 /* AppDelegate.swift */; };
		18177A4C23D7659100021081 /* SceneDelegate.swift in Sources */ = {isa = PBXBuildFile; fileRef = 18177A4B23D7659100021081 /* SceneDelegate.swift */; };
		18177A4E23D7659100021081 /* ChecklistViewController.swift in Sources */ = {isa = PBXBuildFile; fileRef = 18177A4D23D7659100021081 /* ChecklistViewController.swift */; };
		18177A5123D7659100021081 /* Main.storyboard in Resources */ = {isa = PBXBuildFile; fileRef = 18177A4F23D7659100021081 /* Main.storyboard */; };
		18177A5323D7659F00021081 /* Assets.xcassets in Resources */ = {isa = PBXBuildFile; fileRef = 18177A5223D7659F00021081 /* Assets.xcassets */; };
		18177A5623D7659F00021081 /* LaunchScreen.storyboard in Resources */ = {isa = PBXBuildFile; fileRef = 18177A5423D7659F00021081 /* LaunchScreen.storyboard */; };
		18B6DC7523D7B65A00A49F76 /* ChecklistItem.swift in Sources */ = {isa = PBXBuildFile; fileRef = 18B6DC7423D7B65900A49F76 /* ChecklistItem.swift */; };
		18B6DC7723D7D66C00A49F76 /* ToDoList.swift in Sources */ = {isa = PBXBuildFile; fileRef = 18B6DC7623D7D66C00A49F76 /* ToDoList.swift */; };
		18B6DC7D23DA14D500A49F76 /* ItemDetailViewController.swift in Sources */ = {isa = PBXBuildFile; fileRef = 18B6DC7C23DA14D500A49F76 /* ItemDetailViewController.swift */; };
		18F9664423E2268D0023CE02 /* ChecklistTableViewCell.swift in Sources */ = {isa = PBXBuildFile; fileRef = 18F9664323E2268D0023CE02 /* ChecklistTableViewCell.swift */; };
/* End PBXBuildFile section */

/* Begin PBXFileReference section */
		18177A4623D7659100021081 /* CheckList.app */ = {isa = PBXFileReference; explicitFileType = wrapper.application; includeInIndex = 0; path = CheckList.app; sourceTree = BUILT_PRODUCTS_DIR; };
		18177A4923D7659100021081 /* AppDelegate.swift */ = {isa = PBXFileReference; lastKnownFileType = sourcecode.swift; path = AppDelegate.swift; sourceTree = "<group>"; };
		18177A4B23D7659100021081 /* SceneDelegate.swift */ = {isa = PBXFileReference; lastKnownFileType = sourcecode.swift; path = SceneDelegate.swift; sourceTree = "<group>"; };
		18177A4D23D7659100021081 /* ChecklistViewController.swift */ = {isa = PBXFileReference; lastKnownFileType = sourcecode.swift; path = ChecklistViewController.swift; sourceTree = "<group>"; };
		18177A5023D7659100021081 /* Base */ = {isa = PBXFileReference; lastKnownFileType = file.storyboard; name = Base; path = Base.lproj/Main.storyboard; sourceTree = "<group>"; };
		18177A5223D7659F00021081 /* Assets.xcassets */ = {isa = PBXFileReference; lastKnownFileType = folder.assetcatalog; path = Assets.xcassets; sourceTree = "<group>"; };
		18177A5523D7659F00021081 /* Base */ = {isa = PBXFileReference; lastKnownFileType = file.storyboard; name = Base; path = Base.lproj/LaunchScreen.storyboard; sourceTree = "<group>"; };
		18177A5723D7659F00021081 /* Info.plist */ = {isa = PBXFileReference; lastKnownFileType = text.plist.xml; path = Info.plist; sourceTree = "<group>"; };
		18B6DC7323D788B000A49F76 /* ProtocalsPlayground.playground */ = {isa = PBXFileReference; lastKnownFileType = file.playground; name = ProtocalsPlayground.playground; path = ../../ProtocalsPlayground.playground; sourceTree = "<group>"; xcLanguageSpecificationIdentifier = xcode.lang.swift; };
		18B6DC7423D7B65900A49F76 /* ChecklistItem.swift */ = {isa = PBXFileReference; lastKnownFileType = sourcecode.swift; path = ChecklistItem.swift; sourceTree = "<group>"; };
		18B6DC7623D7D66C00A49F76 /* ToDoList.swift */ = {isa = PBXFileReference; lastKnownFileType = sourcecode.swift; path = ToDoList.swift; sourceTree = "<group>"; };
		18B6DC7C23DA14D500A49F76 /* ItemDetailViewController.swift */ = {isa = PBXFileReference; lastKnownFileType = sourcecode.swift; path = ItemDetailViewController.swift; sourceTree = "<group>"; };
		18F9664323E2268D0023CE02 /* ChecklistTableViewCell.swift */ = {isa = PBXFileReference; lastKnownFileType = sourcecode.swift; path = ChecklistTableViewCell.swift; sourceTree = "<group>"; };
/* End PBXFileReference section */

/* Begin PBXFrameworksBuildPhase section */
		18177A4323D7659000021081 /* Frameworks */ = {
			isa = PBXFrameworksBuildPhase;
			buildActionMask = 2147483647;
			files = (
			);
			runOnlyForDeploymentPostprocessing = 0;
		};
/* End PBXFrameworksBuildPhase section */

/* Begin PBXGroup section */
		18177A3D23D7659000021081 = {
			isa = PBXGroup;
			children = (
				18177A4823D7659100021081 /* CheckList */,
				18177A4723D7659100021081 /* Products */,
			);
			sourceTree = "<group>";
		};
		18177A4723D7659100021081 /* Products */ = {
			isa = PBXGroup;
			children = (
				18177A4623D7659100021081 /* CheckList.app */,
			);
			name = Products;
			sourceTree = "<group>";
		};
		18177A4823D7659100021081 /* CheckList */ = {
			isa = PBXGroup;
			children = (
				18B6DC7323D788B000A49F76 /* ProtocalsPlayground.playground */,
				18177A4923D7659100021081 /* AppDelegate.swift */,
				18177A4B23D7659100021081 /* SceneDelegate.swift */,
				18177A4D23D7659100021081 /* ChecklistViewController.swift */,
				18F9664323E2268D0023CE02 /* ChecklistTableViewCell.swift */,
				18177A4F23D7659100021081 /* Main.storyboard */,
				18177A5223D7659F00021081 /* Assets.xcassets */,
				18177A5423D7659F00021081 /* LaunchScreen.storyboard */,
				18177A5723D7659F00021081 /* Info.plist */,
				18B6DC7423D7B65900A49F76 /* ChecklistItem.swift */,
				18B6DC7623D7D66C00A49F76 /* ToDoList.swift */,
				18B6DC7C23DA14D500A49F76 /* ItemDetailViewController.swift */,
			);
			path = CheckList;
			sourceTree = "<group>";
		};
/* End PBXGroup section */

/* Begin PBXNativeTarget section */
		18177A4523D7659000021081 /* CheckList */ = {
			isa = PBXNativeTarget;
			buildConfigurationList = 18177A5A23D7659F00021081 /* Build configuration list for PBXNativeTarget "CheckList" */;
			buildPhases = (
				18177A4223D7659000021081 /* Sources */,
				18177A4323D7659000021081 /* Frameworks */,
				18177A4423D7659000021081 /* Resources */,
			);
			buildRules = (
			);
			dependencies = (
			);
			name = CheckList;
			productName = CheckList;
			productReference = 18177A4623D7659100021081 /* CheckList.app */;
			productType = "com.apple.product-type.application";
		};
/* End PBXNativeTarget section */

/* Begin PBXProject section */
		18177A3E23D7659000021081 /* Project object */ = {
			isa = PBXProject;
			attributes = {
				LastSwiftUpdateCheck = 1130;
				LastUpgradeCheck = 1130;
				ORGANIZATIONNAME = "Qadriyyah Thomas";
				TargetAttributes = {
					18177A4523D7659000021081 = {
						CreatedOnToolsVersion = 11.3.1;
					};
				};
			};
			buildConfigurationList = 18177A4123D7659000021081 /* Build configuration list for PBXProject "CheckList" */;
			compatibilityVersion = "Xcode 9.3";
			developmentRegion = en;
			hasScannedForEncodings = 0;
			knownRegions = (
				en,
				Base,
			);
			mainGroup = 18177A3D23D7659000021081;
			productRefGroup = 18177A4723D7659100021081 /* Products */;
			projectDirPath = "";
			projectRoot = "";
			targets = (
				18177A4523D7659000021081 /* CheckList */,
			);
		};
/* End PBXProject section */

/* Begin PBXResourcesBuildPhase section */
		18177A4423D7659000021081 /* Resources */ = {
			isa = PBXResourcesBuildPhase;
			buildActionMask = 2147483647;
			files = (
				18177A5623D7659F00021081 /* LaunchScreen.storyboard in Resources */,
				18177A5323D7659F00021081 /* Assets.xcassets in Resources */,
				18177A5123D7659100021081 /* Main.storyboard in Resources */,
			);
			runOnlyForDeploymentPostprocessing = 0;
		};
/* End PBXResourcesBuildPhase section */

/* Begin PBXSourcesBuildPhase section */
		18177A4223D7659000021081 /* Sources */ = {
			isa = PBXSourcesBuildPhase;
			buildActionMask = 2147483647;
			files = (
				18177A4E23D7659100021081 /* ChecklistViewController.swift in Sources */,
				18177A4A23D7659100021081 /* AppDelegate.swift in Sources */,
				18B6DC7723D7D66C00A49F76 /* ToDoList.swift in Sources */,
				18F9664423E2268D0023CE02 /* ChecklistTableViewCell.swift in Sources */,
				18B6DC7D23DA14D500A49F76 /* ItemDetailViewController.swift in Sources */,
				18177A4C23D7659100021081 /* SceneDelegate.swift in Sources */,
				18B6DC7523D7B65A00A49F76 /* ChecklistItem.swift in Sources */,
			);
			runOnlyForDeploymentPostprocessing = 0;
		};
/* End PBXSourcesBuildPhase section */

/* Begin PBXVariantGroup section */
		18177A4F23D7659100021081 /* Main.storyboard */ = {
			isa = PBXVariantGroup;
			children = (
				18177A5023D7659100021081 /* Base */,
			);
			name = Main.storyboard;
			sourceTree = "<group>";
		};
		18177A5423D7659F00021081 /* LaunchScreen.storyboard */ = {
			isa = PBXVariantGroup;
			children = (
				18177A5523D7659F00021081 /* Base */,
			);
			name = LaunchScreen.storyboard;
			sourceTree = "<group>";
		};
/* End PBXVariantGroup section */

/* Begin XCBuildConfiguration section */
		18177A5823D7659F00021081 /* Debug */ = {
			isa = XCBuildConfiguration;
			buildSettings = {
				ALWAYS_SEARCH_USER_PATHS = NO;
				CLANG_ANALYZER_NONNULL = YES;
				CLANG_ANALYZER_NUMBER_OBJECT_CONVERSION = YES_AGGRESSIVE;
				CLANG_CXX_LANGUAGE_STANDARD = "gnu++14";
				CLANG_CXX_LIBRARY = "libc++";
				CLANG_ENABLE_MODULES = YES;
				CLANG_ENABLE_OBJC_ARC = YES;
				CLANG_ENABLE_OBJC_WEAK = YES;
				CLANG_WARN_BLOCK_CAPTURE_AUTORELEASING = YES;
				CLANG_WARN_BOOL_CONVERSION = YES;
				CLANG_WARN_COMMA = YES;
				CLANG_WARN_CONSTANT_CONVERSION = YES;
				CLANG_WARN_DEPRECATED_OBJC_IMPLEMENTATIONS = YES;
				CLANG_WARN_DIRECT_OBJC_ISA_USAGE = YES_ERROR;
				CLANG_WARN_DOCUMENTATION_COMMENTS = YES;
				CLANG_WARN_EMPTY_BODY = YES;
				CLANG_WARN_ENUM_CONVERSION = YES;
				CLANG_WARN_INFINITE_RECURSION = YES;
				CLANG_WARN_INT_CONVERSION = YES;
				CLANG_WARN_NON_LITERAL_NULL_CONVERSION = YES;
				CLANG_WARN_OBJC_IMPLICIT_RETAIN_SELF = YES;
				CLANG_WARN_OBJC_LITERAL_CONVERSION = YES;
				CLANG_WARN_OBJC_ROOT_CLASS = YES_ERROR;
				CLANG_WARN_RANGE_LOOP_ANALYSIS = YES;
				CLANG_WARN_STRICT_PROTOTYPES = YES;
				CLANG_WARN_SUSPICIOUS_MOVE = YES;
				CLANG_WARN_UNGUARDED_AVAILABILITY = YES_AGGRESSIVE;
				CLANG_WARN_UNREACHABLE_CODE = YES;
				CLANG_WARN__DUPLICATE_METHOD_MATCH = YES;
				COPY_PHASE_STRIP = NO;
				DEBUG_INFORMATION_FORMAT = dwarf;
				ENABLE_STRICT_OBJC_MSGSEND = YES;
				ENABLE_TESTABILITY = YES;
				GCC_C_LANGUAGE_STANDARD = gnu11;
				GCC_DYNAMIC_NO_PIC = NO;
				GCC_NO_COMMON_BLOCKS = YES;
				GCC_OPTIMIZATION_LEVEL = 0;
				GCC_PREPROCESSOR_DEFINITIONS = (
					"DEBUG=1",
					"$(inherited)",
				);
				GCC_WARN_64_TO_32_BIT_CONVERSION = YES;
				GCC_WARN_ABOUT_RETURN_TYPE = YES_ERROR;
				GCC_WARN_UNDECLARED_SELECTOR = YES;
				GCC_WARN_UNINITIALIZED_AUTOS = YES_AGGRESSIVE;
				GCC_WARN_UNUSED_FUNCTION = YES;
				GCC_WARN_UNUSED_VARIABLE = YES;
				IPHONEOS_DEPLOYMENT_TARGET = 13.2;
				MTL_ENABLE_DEBUG_INFO = INCLUDE_SOURCE;
				MTL_FAST_MATH = YES;
				ONLY_ACTIVE_ARCH = YES;
				SDKROOT = iphoneos;
				SWIFT_ACTIVE_COMPILATION_CONDITIONS = DEBUG;
				SWIFT_OPTIMIZATION_LEVEL = "-Onone";
			};
			name = Debug;
		};
		18177A5923D7659F00021081 /* Release */ = {
			isa = XCBuildConfiguration;
			buildSettings = {
				ALWAYS_SEARCH_USER_PATHS = NO;
				CLANG_ANALYZER_NONNULL = YES;
				CLANG_ANALYZER_NUMBER_OBJECT_CONVERSION = YES_AGGRESSIVE;
				CLANG_CXX_LANGUAGE_STANDARD = "gnu++14";
				CLANG_CXX_LIBRARY = "libc++";
				CLANG_ENABLE_MODULES = YES;
				CLANG_ENABLE_OBJC_ARC = YES;
				CLANG_ENABLE_OBJC_WEAK = YES;
				CLANG_WARN_BLOCK_CAPTURE_AUTORELEASING = YES;
				CLANG_WARN_BOOL_CONVERSION = YES;
				CLANG_WARN_COMMA = YES;
				CLANG_WARN_CONSTANT_CONVERSION = YES;
				CLANG_WARN_DEPRECATED_OBJC_IMPLEMENTATIONS = YES;
				CLANG_WARN_DIRECT_OBJC_ISA_USAGE = YES_ERROR;
				CLANG_WARN_DOCUMENTATION_COMMENTS = YES;
				CLANG_WARN_EMPTY_BODY = YES;
				CLANG_WARN_ENUM_CONVERSION = YES;
				CLANG_WARN_INFINITE_RECURSION = YES;
				CLANG_WARN_INT_CONVERSION = YES;
				CLANG_WARN_NON_LITERAL_NULL_CONVERSION = YES;
				CLANG_WARN_OBJC_IMPLICIT_RETAIN_SELF = YES;
				CLANG_WARN_OBJC_LITERAL_CONVERSION = YES;
				CLANG_WARN_OBJC_ROOT_CLASS = YES_ERROR;
				CLANG_WARN_RANGE_LOOP_ANALYSIS = YES;
				CLANG_WARN_STRICT_PROTOTYPES = YES;
				CLANG_WARN_SUSPICIOUS_MOVE = YES;
				CLANG_WARN_UNGUARDED_AVAILABILITY = YES_AGGRESSIVE;
				CLANG_WARN_UNREACHABLE_CODE = YES;
				CLANG_WARN__DUPLICATE_METHOD_MATCH = YES;
				COPY_PHASE_STRIP = NO;
				DEBUG_INFORMATION_FORMAT = "dwarf-with-dsym";
				ENABLE_NS_ASSERTIONS = NO;
				ENABLE_STRICT_OBJC_MSGSEND = YES;
				GCC_C_LANGUAGE_STANDARD = gnu11;
				GCC_NO_COMMON_BLOCKS = YES;
				GCC_WARN_64_TO_32_BIT_CONVERSION = YES;
				GCC_WARN_ABOUT_RETURN_TYPE = YES_ERROR;
				GCC_WARN_UNDECLARED_SELECTOR = YES;
				GCC_WARN_UNINITIALIZED_AUTOS = YES_AGGRESSIVE;
				GCC_WARN_UNUSED_FUNCTION = YES;
				GCC_WARN_UNUSED_VARIABLE = YES;
				IPHONEOS_DEPLOYMENT_TARGET = 13.2;
				MTL_ENABLE_DEBUG_INFO = NO;
				MTL_FAST_MATH = YES;
				SDKROOT = iphoneos;
				SWIFT_COMPILATION_MODE = wholemodule;
				SWIFT_OPTIMIZATION_LEVEL = "-O";
				VALIDATE_PRODUCT = YES;
			};
			name = Release;
		};
		18177A5B23D7659F00021081 /* Debug */ = {
			isa = XCBuildConfiguration;
			buildSettings = {
				ASSETCATALOG_COMPILER_APPICON_NAME = AppIcon;
				CODE_SIGN_STYLE = Automatic;
				DEVELOPMENT_TEAM = N4RBX9TSJP;
				INFOPLIST_FILE = CheckList/Info.plist;
				LD_RUNPATH_SEARCH_PATHS = (
					"$(inherited)",
					"@executable_path/Frameworks",
				);
				PRODUCT_BUNDLE_IDENTIFIER = com.QThomas.CheckList;
				PRODUCT_NAME = "$(TARGET_NAME)";
				SWIFT_VERSION = 5.0;
				TARGETED_DEVICE_FAMILY = "1,2";
			};
			name = Debug;
		};
		18177A5C23D7659F00021081 /* Release */ = {
			isa = XCBuildConfiguration;
			buildSettings = {
				ASSETCATALOG_COMPILER_APPICON_NAME = AppIcon;
				CODE_SIGN_STYLE = Automatic;
				DEVELOPMENT_TEAM = N4RBX9TSJP;
				INFOPLIST_FILE = CheckList/Info.plist;
				LD_RUNPATH_SEARCH_PATHS = (
					"$(inherited)",
					"@executable_path/Frameworks",
				);
				PRODUCT_BUNDLE_IDENTIFIER = com.QThomas.CheckList;
				PRODUCT_NAME = "$(TARGET_NAME)";
				SWIFT_VERSION = 5.0;
				TARGETED_DEVICE_FAMILY = "1,2";
			};
			name = Release;
		};
/* End XCBuildConfiguration section */

/* Begin XCConfigurationList section */
		18177A4123D7659000021081 /* Build configuration list for PBXProject "CheckList" */ = {
			isa = XCConfigurationList;
			buildConfigurations = (
				18177A5823D7659F00021081 /* Debug */,
				18177A5923D7659F00021081 /* Release */,
			);
			defaultConfigurationIsVisible = 0;
			defaultConfigurationName = Release;
		};
		18177A5A23D7659F00021081 /* Build configuration list for PBXNativeTarget "CheckList" */ = {
			isa = XCConfigurationList;
			buildConfigurations = (
				18177A5B23D7659F00021081 /* Debug */,
				18177A5C23D7659F00021081 /* Release */,
			);
			defaultConfigurationIsVisible = 0;
			defaultConfigurationName = Release;
		};
/* End XCConfigurationList section */
	};
	rootObject = 18177A3E23D7659000021081 /* Project object */;
}
